// !$*UTF8*$!
{
	archiveVersion = 1;
	classes = {
	};
	objectVersion = 46;
	objects = {

/* Begin PBXBuildFile section */
		965408E01DAF5BA500F5D0F9 /* AppDelegate.swift in Sources */ = {isa = PBXBuildFile; fileRef = 965408DF1DAF5BA500F5D0F9 /* AppDelegate.swift */; };
		965408E51DAF5BA500F5D0F9 /* Main.storyboard in Resources */ = {isa = PBXBuildFile; fileRef = 965408E31DAF5BA500F5D0F9 /* Main.storyboard */; };
		965408E71DAF5BA500F5D0F9 /* Assets.xcassets in Resources */ = {isa = PBXBuildFile; fileRef = 965408E61DAF5BA500F5D0F9 /* Assets.xcassets */; };
		965408EA1DAF5BA500F5D0F9 /* LaunchScreen.storyboard in Resources */ = {isa = PBXBuildFile; fileRef = 965408E81DAF5BA500F5D0F9 /* LaunchScreen.storyboard */; };
		965408FE1DAF817200F5D0F9 /* HYHomeViewController.swift in Sources */ = {isa = PBXBuildFile; fileRef = 965408FC1DAF817200F5D0F9 /* HYHomeViewController.swift */; };
		965408FF1DAF817200F5D0F9 /* HYTabBarViewController.swift in Sources */ = {isa = PBXBuildFile; fileRef = 965408FD1DAF817200F5D0F9 /* HYTabBarViewController.swift */; };
		96BC6AA61DB05E8000D917E4 /* Constraint.swift in Sources */ = {isa = PBXBuildFile; fileRef = 96BC6A841DB05E8000D917E4 /* Constraint.swift */; };
		96BC6AA71DB05E8000D917E4 /* ConstraintAttributes.swift in Sources */ = {isa = PBXBuildFile; fileRef = 96BC6A851DB05E8000D917E4 /* ConstraintAttributes.swift */; };
		96BC6AA81DB05E8000D917E4 /* ConstraintConfig.swift in Sources */ = {isa = PBXBuildFile; fileRef = 96BC6A861DB05E8000D917E4 /* ConstraintConfig.swift */; };
		96BC6AA91DB05E8000D917E4 /* ConstraintConstantTarget.swift in Sources */ = {isa = PBXBuildFile; fileRef = 96BC6A871DB05E8000D917E4 /* ConstraintConstantTarget.swift */; };
		96BC6AAA1DB05E8000D917E4 /* ConstraintDescription.swift in Sources */ = {isa = PBXBuildFile; fileRef = 96BC6A881DB05E8000D917E4 /* ConstraintDescription.swift */; };
		96BC6AAB1DB05E8000D917E4 /* ConstraintDSL.swift in Sources */ = {isa = PBXBuildFile; fileRef = 96BC6A891DB05E8000D917E4 /* ConstraintDSL.swift */; };
		96BC6AAC1DB05E8000D917E4 /* ConstraintInsets.swift in Sources */ = {isa = PBXBuildFile; fileRef = 96BC6A8A1DB05E8000D917E4 /* ConstraintInsets.swift */; };
		96BC6AAD1DB05E8000D917E4 /* ConstraintInsetTarget.swift in Sources */ = {isa = PBXBuildFile; fileRef = 96BC6A8B1DB05E8000D917E4 /* ConstraintInsetTarget.swift */; };
		96BC6AAE1DB05E8000D917E4 /* ConstraintItem.swift in Sources */ = {isa = PBXBuildFile; fileRef = 96BC6A8C1DB05E8000D917E4 /* ConstraintItem.swift */; };
		96BC6AAF1DB05E8000D917E4 /* ConstraintLayoutGuide+Extensions.swift in Sources */ = {isa = PBXBuildFile; fileRef = 96BC6A8D1DB05E8000D917E4 /* ConstraintLayoutGuide+Extensions.swift */; };
		96BC6AB01DB05E8000D917E4 /* ConstraintLayoutGuide.swift in Sources */ = {isa = PBXBuildFile; fileRef = 96BC6A8E1DB05E8000D917E4 /* ConstraintLayoutGuide.swift */; };
		96BC6AB11DB05E8000D917E4 /* ConstraintLayoutGuideDSL.swift in Sources */ = {isa = PBXBuildFile; fileRef = 96BC6A8F1DB05E8000D917E4 /* ConstraintLayoutGuideDSL.swift */; };
		96BC6AB21DB05E8000D917E4 /* ConstraintLayoutSupport.swift in Sources */ = {isa = PBXBuildFile; fileRef = 96BC6A901DB05E8000D917E4 /* ConstraintLayoutSupport.swift */; };
		96BC6AB31DB05E8000D917E4 /* ConstraintLayoutSupportDSL.swift in Sources */ = {isa = PBXBuildFile; fileRef = 96BC6A911DB05E8000D917E4 /* ConstraintLayoutSupportDSL.swift */; };
		96BC6AB41DB05E8000D917E4 /* ConstraintMaker.swift in Sources */ = {isa = PBXBuildFile; fileRef = 96BC6A921DB05E8000D917E4 /* ConstraintMaker.swift */; };
		96BC6AB51DB05E8000D917E4 /* ConstraintMakerEditable.swift in Sources */ = {isa = PBXBuildFile; fileRef = 96BC6A931DB05E8000D917E4 /* ConstraintMakerEditable.swift */; };
		96BC6AB61DB05E8000D917E4 /* ConstraintMakerExtendable.swift in Sources */ = {isa = PBXBuildFile; fileRef = 96BC6A941DB05E8000D917E4 /* ConstraintMakerExtendable.swift */; };
		96BC6AB71DB05E8000D917E4 /* ConstraintMakerFinalizable.swift in Sources */ = {isa = PBXBuildFile; fileRef = 96BC6A951DB05E8000D917E4 /* ConstraintMakerFinalizable.swift */; };
		96BC6AB81DB05E8000D917E4 /* ConstraintMakerPriortizable.swift in Sources */ = {isa = PBXBuildFile; fileRef = 96BC6A961DB05E8000D917E4 /* ConstraintMakerPriortizable.swift */; };
		96BC6AB91DB05E8000D917E4 /* ConstraintMakerRelatable.swift in Sources */ = {isa = PBXBuildFile; fileRef = 96BC6A971DB05E8000D917E4 /* ConstraintMakerRelatable.swift */; };
		96BC6ABA1DB05E8000D917E4 /* ConstraintMultiplierTarget.swift in Sources */ = {isa = PBXBuildFile; fileRef = 96BC6A981DB05E8000D917E4 /* ConstraintMultiplierTarget.swift */; };
		96BC6ABB1DB05E8000D917E4 /* ConstraintOffsetTarget.swift in Sources */ = {isa = PBXBuildFile; fileRef = 96BC6A991DB05E8000D917E4 /* ConstraintOffsetTarget.swift */; };
		96BC6ABC1DB05E8000D917E4 /* ConstraintPriorityTarget.swift in Sources */ = {isa = PBXBuildFile; fileRef = 96BC6A9A1DB05E8000D917E4 /* ConstraintPriorityTarget.swift */; };
		96BC6ABD1DB05E8000D917E4 /* ConstraintRelatableTarget.swift in Sources */ = {isa = PBXBuildFile; fileRef = 96BC6A9B1DB05E8000D917E4 /* ConstraintRelatableTarget.swift */; };
		96BC6ABE1DB05E8000D917E4 /* ConstraintRelation.swift in Sources */ = {isa = PBXBuildFile; fileRef = 96BC6A9C1DB05E8000D917E4 /* ConstraintRelation.swift */; };
		96BC6ABF1DB05E8000D917E4 /* ConstraintView+Extensions.swift in Sources */ = {isa = PBXBuildFile; fileRef = 96BC6A9D1DB05E8000D917E4 /* ConstraintView+Extensions.swift */; };
		96BC6AC01DB05E8000D917E4 /* ConstraintView.swift in Sources */ = {isa = PBXBuildFile; fileRef = 96BC6A9E1DB05E8000D917E4 /* ConstraintView.swift */; };
		96BC6AC11DB05E8000D917E4 /* ConstraintViewDSL.swift in Sources */ = {isa = PBXBuildFile; fileRef = 96BC6A9F1DB05E8000D917E4 /* ConstraintViewDSL.swift */; };
		96BC6AC21DB05E8000D917E4 /* Debugging.swift in Sources */ = {isa = PBXBuildFile; fileRef = 96BC6AA01DB05E8000D917E4 /* Debugging.swift */; };
		96BC6AC41DB05E8000D917E4 /* LayoutConstraint.swift in Sources */ = {isa = PBXBuildFile; fileRef = 96BC6AA21DB05E8000D917E4 /* LayoutConstraint.swift */; };
		96BC6AC51DB05E8000D917E4 /* LayoutConstraintItem.swift in Sources */ = {isa = PBXBuildFile; fileRef = 96BC6AA31DB05E8000D917E4 /* LayoutConstraintItem.swift */; };
		96BC6AC61DB05E8000D917E4 /* UILayoutSupport+Extensions.swift in Sources */ = {isa = PBXBuildFile; fileRef = 96BC6AA51DB05E8000D917E4 /* UILayoutSupport+Extensions.swift */; };
/* End PBXBuildFile section */

/* Begin PBXFileReference section */
		965408DC1DAF5BA500F5D0F9 /* Quick-Start-iOS.app */ = {isa = PBXFileReference; explicitFileType = wrapper.application; includeInIndex = 0; path = "Quick-Start-iOS.app"; sourceTree = BUILT_PRODUCTS_DIR; };
		965408DF1DAF5BA500F5D0F9 /* AppDelegate.swift */ = {isa = PBXFileReference; lastKnownFileType = sourcecode.swift; path = AppDelegate.swift; sourceTree = "<group>"; };
		965408E41DAF5BA500F5D0F9 /* Base */ = {isa = PBXFileReference; lastKnownFileType = file.storyboard; name = Base; path = Base.lproj/Main.storyboard; sourceTree = "<group>"; };
		965408E61DAF5BA500F5D0F9 /* Assets.xcassets */ = {isa = PBXFileReference; lastKnownFileType = folder.assetcatalog; path = Assets.xcassets; sourceTree = "<group>"; };
		965408E91DAF5BA500F5D0F9 /* Base */ = {isa = PBXFileReference; lastKnownFileType = file.storyboard; name = Base; path = Base.lproj/LaunchScreen.storyboard; sourceTree = "<group>"; };
		965408EB1DAF5BA500F5D0F9 /* Info.plist */ = {isa = PBXFileReference; lastKnownFileType = text.plist.xml; path = Info.plist; sourceTree = "<group>"; };
		965408FC1DAF817200F5D0F9 /* HYHomeViewController.swift */ = {isa = PBXFileReference; fileEncoding = 4; lastKnownFileType = sourcecode.swift; path = HYHomeViewController.swift; sourceTree = "<group>"; };
		965408FD1DAF817200F5D0F9 /* HYTabBarViewController.swift */ = {isa = PBXFileReference; fileEncoding = 4; lastKnownFileType = sourcecode.swift; path = HYTabBarViewController.swift; sourceTree = "<group>"; };
		96BC6A841DB05E8000D917E4 /* Constraint.swift */ = {isa = PBXFileReference; fileEncoding = 4; lastKnownFileType = sourcecode.swift; path = Constraint.swift; sourceTree = "<group>"; };
		96BC6A851DB05E8000D917E4 /* ConstraintAttributes.swift */ = {isa = PBXFileReference; fileEncoding = 4; lastKnownFileType = sourcecode.swift; path = ConstraintAttributes.swift; sourceTree = "<group>"; };
		96BC6A861DB05E8000D917E4 /* ConstraintConfig.swift */ = {isa = PBXFileReference; fileEncoding = 4; lastKnownFileType = sourcecode.swift; path = ConstraintConfig.swift; sourceTree = "<group>"; };
		96BC6A871DB05E8000D917E4 /* ConstraintConstantTarget.swift */ = {isa = PBXFileReference; fileEncoding = 4; lastKnownFileType = sourcecode.swift; path = ConstraintConstantTarget.swift; sourceTree = "<group>"; };
		96BC6A881DB05E8000D917E4 /* ConstraintDescription.swift */ = {isa = PBXFileReference; fileEncoding = 4; lastKnownFileType = sourcecode.swift; path = ConstraintDescription.swift; sourceTree = "<group>"; };
		96BC6A891DB05E8000D917E4 /* ConstraintDSL.swift */ = {isa = PBXFileReference; fileEncoding = 4; lastKnownFileType = sourcecode.swift; path = ConstraintDSL.swift; sourceTree = "<group>"; };
		96BC6A8A1DB05E8000D917E4 /* ConstraintInsets.swift */ = {isa = PBXFileReference; fileEncoding = 4; lastKnownFileType = sourcecode.swift; path = ConstraintInsets.swift; sourceTree = "<group>"; };
		96BC6A8B1DB05E8000D917E4 /* ConstraintInsetTarget.swift */ = {isa = PBXFileReference; fileEncoding = 4; lastKnownFileType = sourcecode.swift; path = ConstraintInsetTarget.swift; sourceTree = "<group>"; };
		96BC6A8C1DB05E8000D917E4 /* ConstraintItem.swift */ = {isa = PBXFileReference; fileEncoding = 4; lastKnownFileType = sourcecode.swift; path = ConstraintItem.swift; sourceTree = "<group>"; };
		96BC6A8D1DB05E8000D917E4 /* ConstraintLayoutGuide+Extensions.swift */ = {isa = PBXFileReference; fileEncoding = 4; lastKnownFileType = sourcecode.swift; path = "ConstraintLayoutGuide+Extensions.swift"; sourceTree = "<group>"; };
		96BC6A8E1DB05E8000D917E4 /* ConstraintLayoutGuide.swift */ = {isa = PBXFileReference; fileEncoding = 4; lastKnownFileType = sourcecode.swift; path = ConstraintLayoutGuide.swift; sourceTree = "<group>"; };
		96BC6A8F1DB05E8000D917E4 /* ConstraintLayoutGuideDSL.swift */ = {isa = PBXFileReference; fileEncoding = 4; lastKnownFileType = sourcecode.swift; path = ConstraintLayoutGuideDSL.swift; sourceTree = "<group>"; };
		96BC6A901DB05E8000D917E4 /* ConstraintLayoutSupport.swift */ = {isa = PBXFileReference; fileEncoding = 4; lastKnownFileType = sourcecode.swift; path = ConstraintLayoutSupport.swift; sourceTree = "<group>"; };
		96BC6A911DB05E8000D917E4 /* ConstraintLayoutSupportDSL.swift */ = {isa = PBXFileReference; fileEncoding = 4; lastKnownFileType = sourcecode.swift; path = ConstraintLayoutSupportDSL.swift; sourceTree = "<group>"; };
		96BC6A921DB05E8000D917E4 /* ConstraintMaker.swift */ = {isa = PBXFileReference; fileEncoding = 4; lastKnownFileType = sourcecode.swift; path = ConstraintMaker.swift; sourceTree = "<group>"; };
		96BC6A931DB05E8000D917E4 /* ConstraintMakerEditable.swift */ = {isa = PBXFileReference; fileEncoding = 4; lastKnownFileType = sourcecode.swift; path = ConstraintMakerEditable.swift; sourceTree = "<group>"; };
		96BC6A941DB05E8000D917E4 /* ConstraintMakerExtendable.swift */ = {isa = PBXFileReference; fileEncoding = 4; lastKnownFileType = sourcecode.swift; path = ConstraintMakerExtendable.swift; sourceTree = "<group>"; };
		96BC6A951DB05E8000D917E4 /* ConstraintMakerFinalizable.swift */ = {isa = PBXFileReference; fileEncoding = 4; lastKnownFileType = sourcecode.swift; path = ConstraintMakerFinalizable.swift; sourceTree = "<group>"; };
		96BC6A961DB05E8000D917E4 /* ConstraintMakerPriortizable.swift */ = {isa = PBXFileReference; fileEncoding = 4; lastKnownFileType = sourcecode.swift; path = ConstraintMakerPriortizable.swift; sourceTree = "<group>"; };
		96BC6A971DB05E8000D917E4 /* ConstraintMakerRelatable.swift */ = {isa = PBXFileReference; fileEncoding = 4; lastKnownFileType = sourcecode.swift; path = ConstraintMakerRelatable.swift; sourceTree = "<group>"; };
		96BC6A981DB05E8000D917E4 /* ConstraintMultiplierTarget.swift */ = {isa = PBXFileReference; fileEncoding = 4; lastKnownFileType = sourcecode.swift; path = ConstraintMultiplierTarget.swift; sourceTree = "<group>"; };
		96BC6A991DB05E8000D917E4 /* ConstraintOffsetTarget.swift */ = {isa = PBXFileReference; fileEncoding = 4; lastKnownFileType = sourcecode.swift; path = ConstraintOffsetTarget.swift; sourceTree = "<group>"; };
		96BC6A9A1DB05E8000D917E4 /* ConstraintPriorityTarget.swift */ = {isa = PBXFileReference; fileEncoding = 4; lastKnownFileType = sourcecode.swift; path = ConstraintPriorityTarget.swift; sourceTree = "<group>"; };
		96BC6A9B1DB05E8000D917E4 /* ConstraintRelatableTarget.swift */ = {isa = PBXFileReference; fileEncoding = 4; lastKnownFileType = sourcecode.swift; path = ConstraintRelatableTarget.swift; sourceTree = "<group>"; };
		96BC6A9C1DB05E8000D917E4 /* ConstraintRelation.swift */ = {isa = PBXFileReference; fileEncoding = 4; lastKnownFileType = sourcecode.swift; path = ConstraintRelation.swift; sourceTree = "<group>"; };
		96BC6A9D1DB05E8000D917E4 /* ConstraintView+Extensions.swift */ = {isa = PBXFileReference; fileEncoding = 4; lastKnownFileType = sourcecode.swift; path = "ConstraintView+Extensions.swift"; sourceTree = "<group>"; };
		96BC6A9E1DB05E8000D917E4 /* ConstraintView.swift */ = {isa = PBXFileReference; fileEncoding = 4; lastKnownFileType = sourcecode.swift; path = ConstraintView.swift; sourceTree = "<group>"; };
		96BC6A9F1DB05E8000D917E4 /* ConstraintViewDSL.swift */ = {isa = PBXFileReference; fileEncoding = 4; lastKnownFileType = sourcecode.swift; path = ConstraintViewDSL.swift; sourceTree = "<group>"; };
		96BC6AA01DB05E8000D917E4 /* Debugging.swift */ = {isa = PBXFileReference; fileEncoding = 4; lastKnownFileType = sourcecode.swift; path = Debugging.swift; sourceTree = "<group>"; };
		96BC6AA21DB05E8000D917E4 /* LayoutConstraint.swift */ = {isa = PBXFileReference; fileEncoding = 4; lastKnownFileType = sourcecode.swift; path = LayoutConstraint.swift; sourceTree = "<group>"; };
		96BC6AA31DB05E8000D917E4 /* LayoutConstraintItem.swift */ = {isa = PBXFileReference; fileEncoding = 4; lastKnownFileType = sourcecode.swift; path = LayoutConstraintItem.swift; sourceTree = "<group>"; };
		96BC6AA41DB05E8000D917E4 /* SnapKit.h */ = {isa = PBXFileReference; fileEncoding = 4; lastKnownFileType = sourcecode.c.h; path = SnapKit.h; sourceTree = "<group>"; };
		96BC6AA51DB05E8000D917E4 /* UILayoutSupport+Extensions.swift */ = {isa = PBXFileReference; fileEncoding = 4; lastKnownFileType = sourcecode.swift; path = "UILayoutSupport+Extensions.swift"; sourceTree = "<group>"; };
/* End PBXFileReference section */

/* Begin PBXFrameworksBuildPhase section */
		965408D91DAF5BA500F5D0F9 /* Frameworks */ = {
			isa = PBXFrameworksBuildPhase;
			buildActionMask = 2147483647;
			files = (
			);
			runOnlyForDeploymentPostprocessing = 0;
		};
/* End PBXFrameworksBuildPhase section */

/* Begin PBXGroup section */
		965408D31DAF5BA500F5D0F9 = {
			isa = PBXGroup;
			children = (
				965408DE1DAF5BA500F5D0F9 /* Quick-Start-iOS */,
				965408DD1DAF5BA500F5D0F9 /* Products */,
			);
			sourceTree = "<group>";
		};
		965408DD1DAF5BA500F5D0F9 /* Products */ = {
			isa = PBXGroup;
			children = (
				965408DC1DAF5BA500F5D0F9 /* Quick-Start-iOS.app */,
			);
			name = Products;
			sourceTree = "<group>";
		};
		965408DE1DAF5BA500F5D0F9 /* Quick-Start-iOS */ = {
			isa = PBXGroup;
			children = (
				965408FA1DAF817200F5D0F9 /* Controllers */,
				965408F21DAF7FE200F5D0F9 /* Views */,
				965408F31DAF7FE900F5D0F9 /* Models */,
				96BC6A821DB05E8000D917E4 /* Vendors */,
				965408DF1DAF5BA500F5D0F9 /* AppDelegate.swift */,
				965408E31DAF5BA500F5D0F9 /* Main.storyboard */,
				965408E61DAF5BA500F5D0F9 /* Assets.xcassets */,
				965408E81DAF5BA500F5D0F9 /* LaunchScreen.storyboard */,
				965408EB1DAF5BA500F5D0F9 /* Info.plist */,
			);
			path = "Quick-Start-iOS";
			sourceTree = "<group>";
		};
		965408F21DAF7FE200F5D0F9 /* Views */ = {
			isa = PBXGroup;
			children = (
			);
			name = Views;
			sourceTree = "<group>";
		};
		965408F31DAF7FE900F5D0F9 /* Models */ = {
			isa = PBXGroup;
			children = (
			);
			name = Models;
			sourceTree = "<group>";
		};
		965408FA1DAF817200F5D0F9 /* Controllers */ = {
			isa = PBXGroup;
			children = (
				965408FB1DAF817200F5D0F9 /* Home */,
				965408FD1DAF817200F5D0F9 /* HYTabBarViewController.swift */,
			);
			path = Controllers;
			sourceTree = "<group>";
		};
		965408FB1DAF817200F5D0F9 /* Home */ = {
			isa = PBXGroup;
			children = (
				965408FC1DAF817200F5D0F9 /* HYHomeViewController.swift */,
			);
			path = Home;
			sourceTree = "<group>";
		};
		96BC6A821DB05E8000D917E4 /* Vendors */ = {
			isa = PBXGroup;
			children = (
				96BC6A831DB05E8000D917E4 /* SnapKit */,
			);
			path = Vendors;
			sourceTree = "<group>";
		};
		96BC6A831DB05E8000D917E4 /* SnapKit */ = {
			isa = PBXGroup;
			children = (
				96BC6A841DB05E8000D917E4 /* Constraint.swift */,
				96BC6A851DB05E8000D917E4 /* ConstraintAttributes.swift */,
				96BC6A861DB05E8000D917E4 /* ConstraintConfig.swift */,
				96BC6A871DB05E8000D917E4 /* ConstraintConstantTarget.swift */,
				96BC6A881DB05E8000D917E4 /* ConstraintDescription.swift */,
				96BC6A891DB05E8000D917E4 /* ConstraintDSL.swift */,
				96BC6A8A1DB05E8000D917E4 /* ConstraintInsets.swift */,
				96BC6A8B1DB05E8000D917E4 /* ConstraintInsetTarget.swift */,
				96BC6A8C1DB05E8000D917E4 /* ConstraintItem.swift */,
				96BC6A8D1DB05E8000D917E4 /* ConstraintLayoutGuide+Extensions.swift */,
				96BC6A8E1DB05E8000D917E4 /* ConstraintLayoutGuide.swift */,
				96BC6A8F1DB05E8000D917E4 /* ConstraintLayoutGuideDSL.swift */,
				96BC6A901DB05E8000D917E4 /* ConstraintLayoutSupport.swift */,
				96BC6A911DB05E8000D917E4 /* ConstraintLayoutSupportDSL.swift */,
				96BC6A921DB05E8000D917E4 /* ConstraintMaker.swift */,
				96BC6A931DB05E8000D917E4 /* ConstraintMakerEditable.swift */,
				96BC6A941DB05E8000D917E4 /* ConstraintMakerExtendable.swift */,
				96BC6A951DB05E8000D917E4 /* ConstraintMakerFinalizable.swift */,
				96BC6A961DB05E8000D917E4 /* ConstraintMakerPriortizable.swift */,
				96BC6A971DB05E8000D917E4 /* ConstraintMakerRelatable.swift */,
				96BC6A981DB05E8000D917E4 /* ConstraintMultiplierTarget.swift */,
				96BC6A991DB05E8000D917E4 /* ConstraintOffsetTarget.swift */,
				96BC6A9A1DB05E8000D917E4 /* ConstraintPriorityTarget.swift */,
				96BC6A9B1DB05E8000D917E4 /* ConstraintRelatableTarget.swift */,
				96BC6A9C1DB05E8000D917E4 /* ConstraintRelation.swift */,
				96BC6A9D1DB05E8000D917E4 /* ConstraintView+Extensions.swift */,
				96BC6A9E1DB05E8000D917E4 /* ConstraintView.swift */,
				96BC6A9F1DB05E8000D917E4 /* ConstraintViewDSL.swift */,
				96BC6AA01DB05E8000D917E4 /* Debugging.swift */,
				96BC6AA21DB05E8000D917E4 /* LayoutConstraint.swift */,
				96BC6AA31DB05E8000D917E4 /* LayoutConstraintItem.swift */,
				96BC6AA41DB05E8000D917E4 /* SnapKit.h */,
				96BC6AA51DB05E8000D917E4 /* UILayoutSupport+Extensions.swift */,
			);
			path = SnapKit;
			sourceTree = "<group>";
		};
/* End PBXGroup section */

/* Begin PBXNativeTarget section */
		965408DB1DAF5BA500F5D0F9 /* Quick-Start-iOS */ = {
			isa = PBXNativeTarget;
			buildConfigurationList = 965408EE1DAF5BA500F5D0F9 /* Build configuration list for PBXNativeTarget "Quick-Start-iOS" */;
			buildPhases = (
				965408D81DAF5BA500F5D0F9 /* Sources */,
				965408D91DAF5BA500F5D0F9 /* Frameworks */,
				965408DA1DAF5BA500F5D0F9 /* Resources */,
			);
			buildRules = (
			);
			dependencies = (
			);
			name = "Quick-Start-iOS";
			productName = "Quick-Start-iOS";
			productReference = 965408DC1DAF5BA500F5D0F9 /* Quick-Start-iOS.app */;
			productType = "com.apple.product-type.application";
		};
/* End PBXNativeTarget section */

/* Begin PBXProject section */
		965408D41DAF5BA500F5D0F9 /* Project object */ = {
			isa = PBXProject;
			attributes = {
				LastSwiftUpdateCheck = 0800;
				LastUpgradeCheck = 0800;
				ORGANIZATIONNAME = hyyy;
				TargetAttributes = {
					965408DB1DAF5BA500F5D0F9 = {
						CreatedOnToolsVersion = 8.0;
						ProvisioningStyle = Automatic;
					};
				};
			};
			buildConfigurationList = 965408D71DAF5BA500F5D0F9 /* Build configuration list for PBXProject "Quick-Start-iOS" */;
			compatibilityVersion = "Xcode 3.2";
			developmentRegion = English;
			hasScannedForEncodings = 0;
			knownRegions = (
				en,
				Base,
			);
			mainGroup = 965408D31DAF5BA500F5D0F9;
			productRefGroup = 965408DD1DAF5BA500F5D0F9 /* Products */;
			projectDirPath = "";
			projectRoot = "";
			targets = (
				965408DB1DAF5BA500F5D0F9 /* Quick-Start-iOS */,
			);
		};
/* End PBXProject section */

/* Begin PBXResourcesBuildPhase section */
		965408DA1DAF5BA500F5D0F9 /* Resources */ = {
			isa = PBXResourcesBuildPhase;
			buildActionMask = 2147483647;
			files = (
				965408EA1DAF5BA500F5D0F9 /* LaunchScreen.storyboard in Resources */,
				965408E71DAF5BA500F5D0F9 /* Assets.xcassets in Resources */,
				965408E51DAF5BA500F5D0F9 /* Main.storyboard in Resources */,
			);
			runOnlyForDeploymentPostprocessing = 0;
		};
/* End PBXResourcesBuildPhase section */

/* Begin PBXSourcesBuildPhase section */
		965408D81DAF5BA500F5D0F9 /* Sources */ = {
			isa = PBXSourcesBuildPhase;
			buildActionMask = 2147483647;
			files = (
				96BC6AA61DB05E8000D917E4 /* Constraint.swift in Sources */,
				96BC6AB31DB05E8000D917E4 /* ConstraintLayoutSupportDSL.swift in Sources */,
				965408FE1DAF817200F5D0F9 /* HYHomeViewController.swift in Sources */,
				96BC6AB61DB05E8000D917E4 /* ConstraintMakerExtendable.swift in Sources */,
				96BC6AC11DB05E8000D917E4 /* ConstraintViewDSL.swift in Sources */,
				96BC6AB81DB05E8000D917E4 /* ConstraintMakerPriortizable.swift in Sources */,
				96BC6ABB1DB05E8000D917E4 /* ConstraintOffsetTarget.swift in Sources */,
				96BC6AB91DB05E8000D917E4 /* ConstraintMakerRelatable.swift in Sources */,
				96BC6ABD1DB05E8000D917E4 /* ConstraintRelatableTarget.swift in Sources */,
				96BC6AB71DB05E8000D917E4 /* ConstraintMakerFinalizable.swift in Sources */,
				96BC6AAF1DB05E8000D917E4 /* ConstraintLayoutGuide+Extensions.swift in Sources */,
				96BC6ABF1DB05E8000D917E4 /* ConstraintView+Extensions.swift in Sources */,
				96BC6ABE1DB05E8000D917E4 /* ConstraintRelation.swift in Sources */,
				96BC6AAB1DB05E8000D917E4 /* ConstraintDSL.swift in Sources */,
				965408E01DAF5BA500F5D0F9 /* AppDelegate.swift in Sources */,
				96BC6AC61DB05E8000D917E4 /* UILayoutSupport+Extensions.swift in Sources */,
				96BC6ABC1DB05E8000D917E4 /* ConstraintPriorityTarget.swift in Sources */,
				96BC6AC01DB05E8000D917E4 /* ConstraintView.swift in Sources */,
				96BC6AB11DB05E8000D917E4 /* ConstraintLayoutGuideDSL.swift in Sources */,
				96BC6AA91DB05E8000D917E4 /* ConstraintConstantTarget.swift in Sources */,
				96BC6ABA1DB05E8000D917E4 /* ConstraintMultiplierTarget.swift in Sources */,
				96BC6AA71DB05E8000D917E4 /* ConstraintAttributes.swift in Sources */,
				96BC6AB21DB05E8000D917E4 /* ConstraintLayoutSupport.swift in Sources */,
				96BC6AC21DB05E8000D917E4 /* Debugging.swift in Sources */,
				96BC6AC41DB05E8000D917E4 /* LayoutConstraint.swift in Sources */,
				96BC6AA81DB05E8000D917E4 /* ConstraintConfig.swift in Sources */,
				96BC6AC51DB05E8000D917E4 /* LayoutConstraintItem.swift in Sources */,
				96BC6AB41DB05E8000D917E4 /* ConstraintMaker.swift in Sources */,
				965408FF1DAF817200F5D0F9 /* HYTabBarViewController.swift in Sources */,
				96BC6AAD1DB05E8000D917E4 /* ConstraintInsetTarget.swift in Sources */,
				96BC6AAC1DB05E8000D917E4 /* ConstraintInsets.swift in Sources */,
				96BC6AAA1DB05E8000D917E4 /* ConstraintDescription.swift in Sources */,
				96BC6AB51DB05E8000D917E4 /* ConstraintMakerEditable.swift in Sources */,
				96BC6AAE1DB05E8000D917E4 /* ConstraintItem.swift in Sources */,
				96BC6AB01DB05E8000D917E4 /* ConstraintLayoutGuide.swift in Sources */,
			);
			runOnlyForDeploymentPostprocessing = 0;
		};
/* End PBXSourcesBuildPhase section */

/* Begin PBXVariantGroup section */
		965408E31DAF5BA500F5D0F9 /* Main.storyboard */ = {
			isa = PBXVariantGroup;
			children = (
				965408E41DAF5BA500F5D0F9 /* Base */,
			);
			name = Main.storyboard;
			sourceTree = "<group>";
		};
		965408E81DAF5BA500F5D0F9 /* LaunchScreen.storyboard */ = {
			isa = PBXVariantGroup;
			children = (
				965408E91DAF5BA500F5D0F9 /* Base */,
			);
			name = LaunchScreen.storyboard;
			sourceTree = "<group>";
		};
/* End PBXVariantGroup section */

/* Begin XCBuildConfiguration section */
		965408EC1DAF5BA500F5D0F9 /* Debug */ = {
			isa = XCBuildConfiguration;
			buildSettings = {
				ALWAYS_SEARCH_USER_PATHS = NO;
				CLANG_ANALYZER_NONNULL = YES;
				CLANG_CXX_LANGUAGE_STANDARD = "gnu++0x";
				CLANG_CXX_LIBRARY = "libc++";
				CLANG_ENABLE_MODULES = YES;
				CLANG_ENABLE_OBJC_ARC = YES;
				CLANG_WARN_BOOL_CONVERSION = YES;
				CLANG_WARN_CONSTANT_CONVERSION = YES;
				CLANG_WARN_DIRECT_OBJC_ISA_USAGE = YES_ERROR;
				CLANG_WARN_DOCUMENTATION_COMMENTS = YES;
				CLANG_WARN_EMPTY_BODY = YES;
				CLANG_WARN_ENUM_CONVERSION = YES;
				CLANG_WARN_INFINITE_RECURSION = YES;
				CLANG_WARN_INT_CONVERSION = YES;
				CLANG_WARN_OBJC_ROOT_CLASS = YES_ERROR;
				CLANG_WARN_SUSPICIOUS_MOVES = YES;
				CLANG_WARN_UNREACHABLE_CODE = YES;
				CLANG_WARN__DUPLICATE_METHOD_MATCH = YES;
				"CODE_SIGN_IDENTITY[sdk=iphoneos*]" = "iPhone Developer";
				COPY_PHASE_STRIP = NO;
				DEBUG_INFORMATION_FORMAT = dwarf;
				ENABLE_STRICT_OBJC_MSGSEND = YES;
				ENABLE_TESTABILITY = YES;
				GCC_C_LANGUAGE_STANDARD = gnu99;
				GCC_DYNAMIC_NO_PIC = NO;
				GCC_NO_COMMON_BLOCKS = YES;
				GCC_OPTIMIZATION_LEVEL = 0;
				GCC_PREPROCESSOR_DEFINITIONS = (
					"DEBUG=1",
					"$(inherited)",
				);
				GCC_WARN_64_TO_32_BIT_CONVERSION = YES;
				GCC_WARN_ABOUT_RETURN_TYPE = YES_ERROR;
				GCC_WARN_UNDECLARED_SELECTOR = YES;
				GCC_WARN_UNINITIALIZED_AUTOS = YES_AGGRESSIVE;
				GCC_WARN_UNUSED_FUNCTION = YES;
				GCC_WARN_UNUSED_VARIABLE = YES;
				IPHONEOS_DEPLOYMENT_TARGET = 10.0;
				MTL_ENABLE_DEBUG_INFO = YES;
				ONLY_ACTIVE_ARCH = YES;
				SDKROOT = iphoneos;
				SWIFT_ACTIVE_COMPILATION_CONDITIONS = DEBUG;
				SWIFT_OPTIMIZATION_LEVEL = "-Onone";
			};
			name = Debug;
		};
		965408ED1DAF5BA500F5D0F9 /* Release */ = {
			isa = XCBuildConfiguration;
			buildSettings = {
				ALWAYS_SEARCH_USER_PATHS = NO;
				CLANG_ANALYZER_NONNULL = YES;
				CLANG_CXX_LANGUAGE_STANDARD = "gnu++0x";
				CLANG_CXX_LIBRARY = "libc++";
				CLANG_ENABLE_MODULES = YES;
				CLANG_ENABLE_OBJC_ARC = YES;
				CLANG_WARN_BOOL_CONVERSION = YES;
				CLANG_WARN_CONSTANT_CONVERSION = YES;
				CLANG_WARN_DIRECT_OBJC_ISA_USAGE = YES_ERROR;
				CLANG_WARN_DOCUMENTATION_COMMENTS = YES;
				CLANG_WARN_EMPTY_BODY = YES;
				CLANG_WARN_ENUM_CONVERSION = YES;
				CLANG_WARN_INFINITE_RECURSION = YES;
				CLANG_WARN_INT_CONVERSION = YES;
				CLANG_WARN_OBJC_ROOT_CLASS = YES_ERROR;
				CLANG_WARN_SUSPICIOUS_MOVES = YES;
				CLANG_WARN_UNREACHABLE_CODE = YES;
				CLANG_WARN__DUPLICATE_METHOD_MATCH = YES;
				"CODE_SIGN_IDENTITY[sdk=iphoneos*]" = "iPhone Developer";
				COPY_PHASE_STRIP = NO;
				DEBUG_INFORMATION_FORMAT = "dwarf-with-dsym";
				ENABLE_NS_ASSERTIONS = NO;
				ENABLE_STRICT_OBJC_MSGSEND = YES;
				GCC_C_LANGUAGE_STANDARD = gnu99;
				GCC_NO_COMMON_BLOCKS = YES;
				GCC_WARN_64_TO_32_BIT_CONVERSION = YES;
				GCC_WARN_ABOUT_RETURN_TYPE = YES_ERROR;
				GCC_WARN_UNDECLARED_SELECTOR = YES;
				GCC_WARN_UNINITIALIZED_AUTOS = YES_AGGRESSIVE;
				GCC_WARN_UNUSED_FUNCTION = YES;
				GCC_WARN_UNUSED_VARIABLE = YES;
				IPHONEOS_DEPLOYMENT_TARGET = 10.0;
				MTL_ENABLE_DEBUG_INFO = NO;
				SDKROOT = iphoneos;
				SWIFT_OPTIMIZATION_LEVEL = "-Owholemodule";
				VALIDATE_PRODUCT = YES;
			};
			name = Release;
		};
		965408EF1DAF5BA500F5D0F9 /* Debug */ = {
			isa = XCBuildConfiguration;
			buildSettings = {
				ASSETCATALOG_COMPILER_APPICON_NAME = AppIcon;
				INFOPLIST_FILE = "Quick-Start-iOS/Info.plist";
				LD_RUNPATH_SEARCH_PATHS = "$(inherited) @executable_path/Frameworks";
				PRODUCT_BUNDLE_IDENTIFIER = "com.hyyy.Quick-Start-iOS";
				PRODUCT_NAME = "$(TARGET_NAME)";
				SWIFT_VERSION = 3.0;
			};
			name = Debug;
		};
		965408F01DAF5BA500F5D0F9 /* Release */ = {
			isa = XCBuildConfiguration;
			buildSettings = {
				ASSETCATALOG_COMPILER_APPICON_NAME = AppIcon;
				INFOPLIST_FILE = "Quick-Start-iOS/Info.plist";
				LD_RUNPATH_SEARCH_PATHS = "$(inherited) @executable_path/Frameworks";
				PRODUCT_BUNDLE_IDENTIFIER = "com.hyyy.Quick-Start-iOS";
				PRODUCT_NAME = "$(TARGET_NAME)";
				SWIFT_VERSION = 3.0;
			};
			name = Release;
		};
/* End XCBuildConfiguration section */

/* Begin XCConfigurationList section */
		965408D71DAF5BA500F5D0F9 /* Build configuration list for PBXProject "Quick-Start-iOS" */ = {
			isa = XCConfigurationList;
			buildConfigurations = (
				965408EC1DAF5BA500F5D0F9 /* Debug */,
				965408ED1DAF5BA500F5D0F9 /* Release */,
			);
			defaultConfigurationIsVisible = 0;
			defaultConfigurationName = Release;
		};
		965408EE1DAF5BA500F5D0F9 /* Build configuration list for PBXNativeTarget "Quick-Start-iOS" */ = {
			isa = XCConfigurationList;
			buildConfigurations = (
				965408EF1DAF5BA500F5D0F9 /* Debug */,
				965408F01DAF5BA500F5D0F9 /* Release */,
			);
			defaultConfigurationIsVisible = 0;
			defaultConfigurationName = Release;
		};
/* End XCConfigurationList section */
	};
	rootObject = 965408D41DAF5BA500F5D0F9 /* Project object */;
}
